// !$*UTF8*$!
{
	archiveVersion = 1;
	classes = {
	};
	objectVersion = 48;
	objects = {

/* Begin PBXBuildFile section */
		3C87A75439114B5F29790637 /* Pods_PictureBrowser.framework in Frameworks */ = {isa = PBXBuildFile; fileRef = 77422CB0CE7250B56AC0BBB8 /* Pods_PictureBrowser.framework */; };
		49412C7A1F7763150059119A /* AppDelegate.swift in Sources */ = {isa = PBXBuildFile; fileRef = 49412C791F7763150059119A /* AppDelegate.swift */; };
		49412C7C1F7763150059119A /* ViewController.swift in Sources */ = {isa = PBXBuildFile; fileRef = 49412C7B1F7763150059119A /* ViewController.swift */; };
		49412C811F7763150059119A /* Assets.xcassets in Resources */ = {isa = PBXBuildFile; fileRef = 49412C801F7763150059119A /* Assets.xcassets */; };
		49412C841F7763150059119A /* LaunchScreen.storyboard in Resources */ = {isa = PBXBuildFile; fileRef = 49412C821F7763150059119A /* LaunchScreen.storyboard */; };
		49412C8D1F789E6C0059119A /* LQBrowserViewController.swift in Sources */ = {isa = PBXBuildFile; fileRef = 49412C8C1F789E6C0059119A /* LQBrowserViewController.swift */; };
		49412C8F1F78A6240059119A /* LQBrowserCollectionCell.swift in Sources */ = {isa = PBXBuildFile; fileRef = 49412C8E1F78A6240059119A /* LQBrowserCollectionCell.swift */; };
		49412C911F78A6E40059119A /* LQBrowserManager.swift in Sources */ = {isa = PBXBuildFile; fileRef = 49412C901F78A6E40059119A /* LQBrowserManager.swift */; };
		49412C9E1F7A991D0059119A /* LQCollectionViewCell.swift in Sources */ = {isa = PBXBuildFile; fileRef = 49412C9D1F7A991D0059119A /* LQCollectionViewCell.swift */; };
/* End PBXBuildFile section */

/* Begin PBXFileReference section */
		49412C761F7763150059119A /* PictureBrowser.app */ = {isa = PBXFileReference; explicitFileType = wrapper.application; includeInIndex = 0; path = PictureBrowser.app; sourceTree = BUILT_PRODUCTS_DIR; };
		49412C791F7763150059119A /* AppDelegate.swift */ = {isa = PBXFileReference; lastKnownFileType = sourcecode.swift; path = AppDelegate.swift; sourceTree = "<group>"; };
		49412C7B1F7763150059119A /* ViewController.swift */ = {isa = PBXFileReference; lastKnownFileType = sourcecode.swift; path = ViewController.swift; sourceTree = "<group>"; };
		49412C801F7763150059119A /* Assets.xcassets */ = {isa = PBXFileReference; lastKnownFileType = folder.assetcatalog; path = Assets.xcassets; sourceTree = "<group>"; };
		49412C831F7763150059119A /* Base */ = {isa = PBXFileReference; lastKnownFileType = file.storyboard; name = Base; path = Base.lproj/LaunchScreen.storyboard; sourceTree = "<group>"; };
		49412C851F7763150059119A /* Info.plist */ = {isa = PBXFileReference; lastKnownFileType = text.plist.xml; path = Info.plist; sourceTree = "<group>"; };
		49412C8C1F789E6C0059119A /* LQBrowserViewController.swift */ = {isa = PBXFileReference; lastKnownFileType = sourcecode.swift; path = LQBrowserViewController.swift; sourceTree = "<group>"; };
		49412C8E1F78A6240059119A /* LQBrowserCollectionCell.swift */ = {isa = PBXFileReference; lastKnownFileType = sourcecode.swift; path = LQBrowserCollectionCell.swift; sourceTree = "<group>"; };
		49412C901F78A6E40059119A /* LQBrowserManager.swift */ = {isa = PBXFileReference; lastKnownFileType = sourcecode.swift; path = LQBrowserManager.swift; sourceTree = "<group>"; };
		49412C9D1F7A991D0059119A /* LQCollectionViewCell.swift */ = {isa = PBXFileReference; lastKnownFileType = sourcecode.swift; path = LQCollectionViewCell.swift; sourceTree = "<group>"; };
		77422CB0CE7250B56AC0BBB8 /* Pods_PictureBrowser.framework */ = {isa = PBXFileReference; explicitFileType = wrapper.framework; includeInIndex = 0; path = Pods_PictureBrowser.framework; sourceTree = BUILT_PRODUCTS_DIR; };
		B18C47D041733A6B105E3DDF /* Pods-PictureBrowser.debug.xcconfig */ = {isa = PBXFileReference; includeInIndex = 1; lastKnownFileType = text.xcconfig; name = "Pods-PictureBrowser.debug.xcconfig"; path = "Pods/Target Support Files/Pods-PictureBrowser/Pods-PictureBrowser.debug.xcconfig"; sourceTree = "<group>"; };
		D9E21B3FFB20097135FCF944 /* Pods-PictureBrowser.release.xcconfig */ = {isa = PBXFileReference; includeInIndex = 1; lastKnownFileType = text.xcconfig; name = "Pods-PictureBrowser.release.xcconfig"; path = "Pods/Target Support Files/Pods-PictureBrowser/Pods-PictureBrowser.release.xcconfig"; sourceTree = "<group>"; };
/* End PBXFileReference section */

/* Begin PBXFrameworksBuildPhase section */
		49412C731F7763150059119A /* Frameworks */ = {
			isa = PBXFrameworksBuildPhase;
			buildActionMask = 2147483647;
			files = (
				3C87A75439114B5F29790637 /* Pods_PictureBrowser.framework in Frameworks */,
			);
			runOnlyForDeploymentPostprocessing = 0;
		};
/* End PBXFrameworksBuildPhase section */

/* Begin PBXGroup section */
		024030EE59168E04CF5B64C8 /* Frameworks */ = {
			isa = PBXGroup;
			children = (
				77422CB0CE7250B56AC0BBB8 /* Pods_PictureBrowser.framework */,
			);
			name = Frameworks;
			sourceTree = "<group>";
		};
		49412C6D1F7763150059119A = {
			isa = PBXGroup;
			children = (
				49412C781F7763150059119A /* PictureBrowser */,
				49412C771F7763150059119A /* Products */,
				B8BCBEFE32080E4D430E768D /* Pods */,
				024030EE59168E04CF5B64C8 /* Frameworks */,
			);
			sourceTree = "<group>";
		};
		49412C771F7763150059119A /* Products */ = {
			isa = PBXGroup;
			children = (
				49412C761F7763150059119A /* PictureBrowser.app */,
			);
			name = Products;
			sourceTree = "<group>";
		};
		49412C781F7763150059119A /* PictureBrowser */ = {
			isa = PBXGroup;
			children = (
				49412C791F7763150059119A /* AppDelegate.swift */,
				49412C7B1F7763150059119A /* ViewController.swift */,
				49412C9D1F7A991D0059119A /* LQCollectionViewCell.swift */,
				49412C8B1F7764920059119A /* Browser */,
				49412C801F7763150059119A /* Assets.xcassets */,
				49412C821F7763150059119A /* LaunchScreen.storyboard */,
				49412C851F7763150059119A /* Info.plist */,
			);
			path = PictureBrowser;
			sourceTree = "<group>";
		};
		49412C8B1F7764920059119A /* Browser */ = {
			isa = PBXGroup;
			children = (
				49412C8C1F789E6C0059119A /* LQBrowserViewController.swift */,
				49412C8E1F78A6240059119A /* LQBrowserCollectionCell.swift */,
				49412C901F78A6E40059119A /* LQBrowserManager.swift */,
			);
			path = Browser;
			sourceTree = "<group>";
		};
		B8BCBEFE32080E4D430E768D /* Pods */ = {
			isa = PBXGroup;
			children = (
				B18C47D041733A6B105E3DDF /* Pods-PictureBrowser.debug.xcconfig */,
				D9E21B3FFB20097135FCF944 /* Pods-PictureBrowser.release.xcconfig */,
			);
			name = Pods;
			sourceTree = "<group>";
		};
/* End PBXGroup section */

/* Begin PBXNativeTarget section */
		49412C751F7763150059119A /* PictureBrowser */ = {
			isa = PBXNativeTarget;
			buildConfigurationList = 49412C881F7763150059119A /* Build configuration list for PBXNativeTarget "PictureBrowser" */;
			buildPhases = (
				1AFC6E59E07AA16F9D03910D /* [CP] Check Pods Manifest.lock */,
				49412C721F7763150059119A /* Sources */,
				49412C731F7763150059119A /* Frameworks */,
				49412C741F7763150059119A /* Resources */,
				34A8E68912E02603FD0497EB /* [CP] Embed Pods Frameworks */,
				7725F58477DDE671F6C50313 /* [CP] Copy Pods Resources */,
			);
			buildRules = (
			);
			dependencies = (
			);
			name = PictureBrowser;
			productName = PictureBrowser;
			productReference = 49412C761F7763150059119A /* PictureBrowser.app */;
			productType = "com.apple.product-type.application";
		};
/* End PBXNativeTarget section */

/* Begin PBXProject section */
		49412C6E1F7763150059119A /* Project object */ = {
			isa = PBXProject;
			attributes = {
				LastSwiftUpdateCheck = 0900;
				LastUpgradeCheck = 0900;
				ORGANIZATIONNAME = liuqing;
				TargetAttributes = {
					49412C751F7763150059119A = {
						CreatedOnToolsVersion = 9.0;
						ProvisioningStyle = Automatic;
					};
				};
			};
			buildConfigurationList = 49412C711F7763150059119A /* Build configuration list for PBXProject "PictureBrowser" */;
			compatibilityVersion = "Xcode 8.0";
			developmentRegion = en;
			hasScannedForEncodings = 0;
			knownRegions = (
				en,
				Base,
			);
			mainGroup = 49412C6D1F7763150059119A;
			productRefGroup = 49412C771F7763150059119A /* Products */;
			projectDirPath = "";
			projectRoot = "";
			targets = (
				49412C751F7763150059119A /* PictureBrowser */,
			);
		};
/* End PBXProject section */

/* Begin PBXResourcesBuildPhase section */
		49412C741F7763150059119A /* Resources */ = {
			isa = PBXResourcesBuildPhase;
			buildActionMask = 2147483647;
			files = (
				49412C841F7763150059119A /* LaunchScreen.storyboard in Resources */,
				49412C811F7763150059119A /* Assets.xcassets in Resources */,
			);
			runOnlyForDeploymentPostprocessing = 0;
		};
/* End PBXResourcesBuildPhase section */

/* Begin PBXShellScriptBuildPhase section */
		1AFC6E59E07AA16F9D03910D /* [CP] Check Pods Manifest.lock */ = {
			isa = PBXShellScriptBuildPhase;
			buildActionMask = 2147483647;
			files = (
			);
			inputPaths = (
			);
			name = "[CP] Check Pods Manifest.lock";
			outputPaths = (
			);
			runOnlyForDeploymentPostprocessing = 0;
			shellPath = /bin/sh;
			shellScript = "diff \"${PODS_PODFILE_DIR_PATH}/Podfile.lock\" \"${PODS_ROOT}/Manifest.lock\" > /dev/null\nif [ $? != 0 ] ; then\n    # print error to STDERR\n    echo \"error: The sandbox is not in sync with the Podfile.lock. Run 'pod install' or update your CocoaPods installation.\" >&2\n    exit 1\nfi\n";
			showEnvVarsInLog = 0;
		};
		34A8E68912E02603FD0497EB /* [CP] Embed Pods Frameworks */ = {
			isa = PBXShellScriptBuildPhase;
			buildActionMask = 2147483647;
			files = (
			);
			inputPaths = (
			);
			name = "[CP] Embed Pods Frameworks";
			outputPaths = (
			);
			runOnlyForDeploymentPostprocessing = 0;
			shellPath = /bin/sh;
			shellScript = "\"${SRCROOT}/Pods/Target Support Files/Pods-PictureBrowser/Pods-PictureBrowser-frameworks.sh\"\n";
			showEnvVarsInLog = 0;
		};
		7725F58477DDE671F6C50313 /* [CP] Copy Pods Resources */ = {
			isa = PBXShellScriptBuildPhase;
			buildActionMask = 2147483647;
			files = (
			);
			inputPaths = (
			);
			name = "[CP] Copy Pods Resources";
			outputPaths = (
			);
			runOnlyForDeploymentPostprocessing = 0;
			shellPath = /bin/sh;
			shellScript = "\"${SRCROOT}/Pods/Target Support Files/Pods-PictureBrowser/Pods-PictureBrowser-resources.sh\"\n";
			showEnvVarsInLog = 0;
		};
/* End PBXShellScriptBuildPhase section */

/* Begin PBXSourcesBuildPhase section */
		49412C721F7763150059119A /* Sources */ = {
			isa = PBXSourcesBuildPhase;
			buildActionMask = 2147483647;
			files = (
				49412C8D1F789E6C0059119A /* LQBrowserViewController.swift in Sources */,
				49412C8F1F78A6240059119A /* LQBrowserCollectionCell.swift in Sources */,
				49412C9E1F7A991D0059119A /* LQCollectionViewCell.swift in Sources */,
				49412C911F78A6E40059119A /* LQBrowserManager.swift in Sources */,
				49412C7C1F7763150059119A /* ViewController.swift in Sources */,
				49412C7A1F7763150059119A /* AppDelegate.swift in Sources */,
			);
			runOnlyForDeploymentPostprocessing = 0;
		};
/* End PBXSourcesBuildPhase section */

/* Begin PBXVariantGroup section */
		49412C821F7763150059119A /* LaunchScreen.storyboard */ = {
			isa = PBXVariantGroup;
			children = (
				49412C831F7763150059119A /* Base */,
			);
			name = LaunchScreen.storyboard;
			sourceTree = "<group>";
		};
/* End PBXVariantGroup section */

/* Begin XCBuildConfiguration section */
		49412C861F7763150059119A /* Debug */ = {
			isa = XCBuildConfiguration;
			buildSettings = {
				ALWAYS_SEARCH_USER_PATHS = NO;
				CLANG_ANALYZER_NONNULL = YES;
				CLANG_ANALYZER_NUMBER_OBJECT_CONVERSION = YES_AGGRESSIVE;
				CLANG_CXX_LANGUAGE_STANDARD = "gnu++14";
				CLANG_CXX_LIBRARY = "libc++";
				CLANG_ENABLE_MODULES = YES;
				CLANG_ENABLE_OBJC_ARC = YES;
				CLANG_WARN_BLOCK_CAPTURE_AUTORELEASING = YES;
				CLANG_WARN_BOOL_CONVERSION = YES;
				CLANG_WARN_COMMA = YES;
				CLANG_WARN_CONSTANT_CONVERSION = YES;
				CLANG_WARN_DIRECT_OBJC_ISA_USAGE = YES_ERROR;
				CLANG_WARN_DOCUMENTATION_COMMENTS = YES;
				CLANG_WARN_EMPTY_BODY = YES;
				CLANG_WARN_ENUM_CONVERSION = YES;
				CLANG_WARN_INFINITE_RECURSION = YES;
				CLANG_WARN_INT_CONVERSION = YES;
				CLANG_WARN_NON_LITERAL_NULL_CONVERSION = YES;
				CLANG_WARN_OBJC_LITERAL_CONVERSION = YES;
				CLANG_WARN_OBJC_ROOT_CLASS = YES_ERROR;
				CLANG_WARN_RANGE_LOOP_ANALYSIS = YES;
				CLANG_WARN_STRICT_PROTOTYPES = YES;
				CLANG_WARN_SUSPICIOUS_MOVE = YES;
				CLANG_WARN_UNGUARDED_AVAILABILITY = YES_AGGRESSIVE;
				CLANG_WARN_UNREACHABLE_CODE = YES;
				CLANG_WARN__DUPLICATE_METHOD_MATCH = YES;
				CODE_SIGN_IDENTITY = "iPhone Developer";
				COPY_PHASE_STRIP = NO;
				DEBUG_INFORMATION_FORMAT = dwarf;
				ENABLE_STRICT_OBJC_MSGSEND = YES;
				ENABLE_TESTABILITY = YES;
				GCC_C_LANGUAGE_STANDARD = gnu11;
				GCC_DYNAMIC_NO_PIC = NO;
				GCC_NO_COMMON_BLOCKS = YES;
				GCC_OPTIMIZATION_LEVEL = 0;
				GCC_PREPROCESSOR_DEFINITIONS = (
					"DEBUG=1",
					"$(inherited)",
				);
				GCC_WARN_64_TO_32_BIT_CONVERSION = YES;
				GCC_WARN_ABOUT_RETURN_TYPE = YES_ERROR;
				GCC_WARN_UNDECLARED_SELECTOR = YES;
				GCC_WARN_UNINITIALIZED_AUTOS = YES_AGGRESSIVE;
				GCC_WARN_UNUSED_FUNCTION = YES;
				GCC_WARN_UNUSED_VARIABLE = YES;
				IPHONEOS_DEPLOYMENT_TARGET = 11.0;
				MTL_ENABLE_DEBUG_INFO = YES;
				ONLY_ACTIVE_ARCH = YES;
				SDKROOT = iphoneos;
				SWIFT_ACTIVE_COMPILATION_CONDITIONS = DEBUG;
				SWIFT_OPTIMIZATION_LEVEL = "-Onone";
			};
			name = Debug;
		};
		49412C871F7763150059119A /* Release */ = {
			isa = XCBuildConfiguration;
			buildSettings = {
				ALWAYS_SEARCH_USER_PATHS = NO;
				CLANG_ANALYZER_NONNULL = YES;
				CLANG_ANALYZER_NUMBER_OBJECT_CONVERSION = YES_AGGRESSIVE;
				CLANG_CXX_LANGUAGE_STANDARD = "gnu++14";
				CLANG_CXX_LIBRARY = "libc++";
				CLANG_ENABLE_MODULES = YES;
				CLANG_ENABLE_OBJC_ARC = YES;
				CLANG_WARN_BLOCK_CAPTURE_AUTORELEASING = YES;
				CLANG_WARN_BOOL_CONVERSION = YES;
				CLANG_WARN_COMMA = YES;
				CLANG_WARN_CONSTANT_CONVERSION = YES;
				CLANG_WARN_DIRECT_OBJC_ISA_USAGE = YES_ERROR;
				CLANG_WARN_DOCUMENTATION_COMMENTS = YES;
				CLANG_WARN_EMPTY_BODY = YES;
				CLANG_WARN_ENUM_CONVERSION = YES;
				CLANG_WARN_INFINITE_RECURSION = YES;
				CLANG_WARN_INT_CONVERSION = YES;
				CLANG_WARN_NON_LITERAL_NULL_CONVERSION = YES;
				CLANG_WARN_OBJC_LITERAL_CONVERSION = YES;
				CLANG_WARN_OBJC_ROOT_CLASS = YES_ERROR;
				CLANG_WARN_RANGE_LOOP_ANALYSIS = YES;
				CLANG_WARN_STRICT_PROTOTYPES = YES;
				CLANG_WARN_SUSPICIOUS_MOVE = YES;
				CLANG_WARN_UNGUARDED_AVAILABILITY = YES_AGGRESSIVE;
				CLANG_WARN_UNREACHABLE_CODE = YES;
				CLANG_WARN__DUPLICATE_METHOD_MATCH = YES;
				CODE_SIGN_IDENTITY = "iPhone Developer";
				COPY_PHASE_STRIP = NO;
				DEBUG_INFORMATION_FORMAT = "dwarf-with-dsym";
				ENABLE_NS_ASSERTIONS = NO;
				ENABLE_STRICT_OBJC_MSGSEND = YES;
				GCC_C_LANGUAGE_STANDARD = gnu11;
				GCC_NO_COMMON_BLOCKS = YES;
				GCC_WARN_64_TO_32_BIT_CONVERSION = YES;
				GCC_WARN_ABOUT_RETURN_TYPE = YES_ERROR;
				GCC_WARN_UNDECLARED_SELECTOR = YES;
				GCC_WARN_UNINITIALIZED_AUTOS = YES_AGGRESSIVE;
				GCC_WARN_UNUSED_FUNCTION = YES;
				GCC_WARN_UNUSED_VARIABLE = YES;
				IPHONEOS_DEPLOYMENT_TARGET = 11.0;
				MTL_ENABLE_DEBUG_INFO = NO;
				SDKROOT = iphoneos;
				SWIFT_OPTIMIZATION_LEVEL = "-Owholemodule";
				VALIDATE_PRODUCT = YES;
			};
			name = Release;
		};
		49412C891F7763150059119A /* Debug */ = {
			isa = XCBuildConfiguration;
			baseConfigurationReference = B18C47D041733A6B105E3DDF /* Pods-PictureBrowser.debug.xcconfig */;
			buildSettings = {
				ASSETCATALOG_COMPILER_APPICON_NAME = AppIcon;
				CODE_SIGN_STYLE = Automatic;
				DEVELOPMENT_TEAM = NBL9PB7UR2;
				INFOPLIST_FILE = PictureBrowser/Info.plist;
				LD_RUNPATH_SEARCH_PATHS = "$(inherited) @executable_path/Frameworks";
				PRODUCT_BUNDLE_IDENTIFIER = liuqing.PictureBrowser;
				PRODUCT_NAME = "$(TARGET_NAME)";
				SWIFT_VERSION = 4.0;
				TARGETED_DEVICE_FAMILY = "1,2";
			};
			name = Debug;
		};
		49412C8A1F7763150059119A /* Release */ = {
			isa = XCBuildConfiguration;
			baseConfigurationReference = D9E21B3FFB20097135FCF944 /* Pods-PictureBrowser.release.xcconfig */;
			buildSettings = {
				ASSETCATALOG_COMPILER_APPICON_NAME = AppIcon;
				CODE_SIGN_STYLE = Automatic;
				DEVELOPMENT_TEAM = NBL9PB7UR2;
				INFOPLIST_FILE = PictureBrowser/Info.plist;
				LD_RUNPATH_SEARCH_PATHS = "$(inherited) @executable_path/Frameworks";
				PRODUCT_BUNDLE_IDENTIFIER = liuqing.PictureBrowser;
				PRODUCT_NAME = "$(TARGET_NAME)";
				SWIFT_VERSION = 4.0;
				TARGETED_DEVICE_FAMILY = "1,2";
			};
			name = Release;
		};
/* End XCBuildConfiguration section */

/* Begin XCConfigurationList section */
		49412C711F7763150059119A /* Build configuration list for PBXProject "PictureBrowser" */ = {
			isa = XCConfigurationList;
			buildConfigurations = (
				49412C861F7763150059119A /* Debug */,
				49412C871F7763150059119A /* Release */,
			);
			defaultConfigurationIsVisible = 0;
			defaultConfigurationName = Release;
		};
		49412C881F7763150059119A /* Build configuration list for PBXNativeTarget "PictureBrowser" */ = {
			isa = XCConfigurationList;
			buildConfigurations = (
				49412C891F7763150059119A /* Debug */,
				49412C8A1F7763150059119A /* Release */,
			);
			defaultConfigurationIsVisible = 0;
			defaultConfigurationName = Release;
		};
/* End XCConfigurationList section */
	};
	rootObject = 49412C6E1F7763150059119A /* Project object */;
}
